
Microsoft Visual Studio Solution File, Format Version 12.00
# Visual Studio Version 17
VisualStudioVersion = 17.7.34024.191
MinimumVisualStudioVersion = 10.0.40219.1
Project("{8BC9CEB8-8B4A-11D0-8D11-00A0C91BC942}") = "server", "server\server.vcxproj", "{CB96014D-E640-431B-89D6-75E0233CD0EA}"
EndProject
Project("{8BC9CEB8-8B4A-11D0-8D11-00A0C91BC942}") = "client", "client\client.vcxproj", "{5F8011DF-21DA-4C0E-A37D-30B7DAF9F01D}"
EndProject
Global
	GlobalSection(SolutionConfigurationPlatforms) = preSolution
		Debug|x64 = Debug|x64
		Debug|x86 = Debug|x86
		Release|x64 = Release|x64
		Release|x86 = Release|x86
	EndGlobalSection
	GlobalSection(ProjectConfigurationPlatforms) = postSolution
		{CB96014D-E640-431B-89D6-75E0233CD0EA}.Debug|x64.ActiveCfg = Debug|x64
		{CB96014D-E640-431B-89D6-75E0233CD0EA}.Debug|x64.Build.0 = Debug|x64
		{CB96014D-E640-431B-89D6-75E0233CD0EA}.Debug|x86.ActiveCfg = Debug|Win32
		{CB96014D-E640-431B-89D6-75E0233CD0EA}.Debug|x86.Build.0 = Debug|Win32
		{CB96014D-E640-431B-89D6-75E0233CD0EA}.Release|x64.ActiveCfg = Release|x64
		{CB96014D-E640-431B-89D6-75E0233CD0EA}.Release|x64.Build.0 = Release|x64
		{CB96014D-E640-431B-89D6-75E0233CD0EA}.Release|x86.ActiveCfg = Release|Win32
		{CB96014D-E640-431B-89D6-75E0233CD0EA}.Release|x86.Build.0 = Release|Win32
		{5F8011DF-21DA-4C0E-A37D-30B7DAF9F01D}.Debug|x64.ActiveCfg = Debug|x64
		{5F8011DF-21DA-4C0E-A37D-30B7DAF9F01D}.Debug|x64.Build.0 = Debug|x64
		{5F8011DF-21DA-4C0E-A37D-30B7DAF9F01D}.Debug|x86.ActiveCfg = Debug|Win32
		{5F8011DF-21DA-4C0E-A37D-30B7DAF9F01D}.Debug|x86.Build.0 = Debug|Win32
		{5F8011DF-21DA-4C0E-A37D-30B7DAF9F01D}.Release|x64.ActiveCfg = Release|x64
		{5F8011DF-21DA-4C0E-A37D-30B7DAF9F01D}.Release|x64.Build.0 = Release|x64
		{5F8011DF-21DA-4C0E-A37D-30B7DAF9F01D}.Release|x86.ActiveCfg = Release|Win32
		{5F8011DF-21DA-4C0E-A37D-30B7DAF9F01D}.Release|x86.Build.0 = Release|Win32
	EndGlobalSection
	GlobalSection(SolutionProperties) = preSolution
		HideSolutionNode = FALSE
	EndGlobalSection
	GlobalSection(ExtensibilityGlobals) = postSolution
		SolutionGuid = {C9101CDB-3E83-4495-9CAC-D5E9643D70A1}
	EndGlobalSection
EndGlobal
